
Microsoft Visual Studio Solution File, Format Version 12.00
# Visual Studio Version 17
VisualStudioVersion = 17.0.31717.71
MinimumVisualStudioVersion = 10.0.40219.1
Project("{FAE04EC0-301F-11D3-BF4B-00C04F79EFBC}") = "task3_30", "task3_30\task3_30.csproj", "{F476D360-1A61-4CD8-8610-DA3D4F406346}"
EndProject
Global
	GlobalSection(SolutionConfigurationPlatforms) = preSolution
		Debug|Any CPU = Debug|Any CPU
		Release|Any CPU = Release|Any CPU
	EndGlobalSection
	GlobalSection(ProjectConfigurationPlatforms) = postSolution
		{F476D360-1A61-4CD8-8610-DA3D4F406346}.Debug|Any CPU.ActiveCfg = Debug|Any CPU
		{F476D360-1A61-4CD8-8610-DA3D4F406346}.Debug|Any CPU.Build.0 = Debug|Any CPU
		{F476D360-1A61-4CD8-8610-DA3D4F406346}.Release|Any CPU.ActiveCfg = Release|Any CPU
		{F476D360-1A61-4CD8-8610-DA3D4F406346}.Release|Any CPU.Build.0 = Release|Any CPU
	EndGlobalSection
	GlobalSection(SolutionProperties) = preSolution
		HideSolutionNode = FALSE
	EndGlobalSection
	GlobalSection(ExtensibilityGlobals) = postSolution
		SolutionGuid = {2E3AF0A3-244A-4716-8955-3AECEBEBC9BF}
	EndGlobalSection
EndGlobal
